github.com/aaronjan/hunch v1.1.3 h1:nybraeRahHi1Fwv7BKifkW2bV4tTbNvUwoMii/bm9Ok=
github.com/aaronjan/hunch v1.1.3/go.mod h1:Csca2bbrFDr6ljd1wTabYTIgGfPW5qSAN6UJilSFfA0=
github.com/puzpuzpuz/xsync/v4 v4.5.0 h1:vOSWu6b57/emh+L/Cw0BeQfvxa/cogFywXHeGUxQxAg=
github.com/puzpuzpuz/xsync/v4 v4.5.0/go.mod h1:VJDmTCJMBt8igNxnkQd86r+8KUeN1quSfNKu5bLYFQo=
github.com/samber/go-singleflightx v0.3.2 h1:jXbUU0fvis8Fdv4HGONboX5WdEZcYLoBEcKiE+ITCyQ=
github.com/samber/go-singleflightx v0.3.2/go.mod h1:X2BR+oheHIYc73PvxRMlcASg6KYYTQyUYpdVU7t/ux4=
golang.org/x/sync v0.22.0 h1:SZjpbeLmrCk4xhRSZFNZW5gFUeCeFgjekvI/+gfScek=
golang.org/x/sync v0.22.0/go.mod h1:9xrNwdLfx4jkKbNva9FpL6vEN7evnE43NNNJQ2LF3+0=
resenje.org/singleflight v0.4.3 h1:l7foFYg8X/VEHPxWs1K/Pw77807RMVzvXgWGb0J1sdM=
resenje.org/singleflight v0.4.3/go.mod h1:lAgQK7VfjG6/pgredbQfmV0RvG/uVhKo6vSuZ0vCWfk=
